{
  "version": "5",
  "specifiers": {
    "jsr:@marianmeres/batch@^1.3.0": "1.3.0",
    "jsr:@marianmeres/clog@^3.19.2": "3.21.0",
    "jsr:@marianmeres/clog@^3.21.0": "3.21.0",
    "jsr:@marianmeres/cron@^2.0.1": "2.0.1",
    "jsr:@marianmeres/data-to-sql-params@^1.6.0": "1.6.0",
    "jsr:@marianmeres/fsm@^3.1.0": "3.1.0",
    "jsr:@marianmeres/item-collection@^1.4.2": "1.4.2",
    "jsr:@marianmeres/migrate@^1.3.1": "1.3.1",
    "jsr:@marianmeres/modelize@^2.2.2": "2.2.2",
    "jsr:@marianmeres/npmbuild@^1.16.0": "1.16.0",
    "jsr:@marianmeres/parse-boolean@^2.1.0": "2.1.0",
    "jsr:@marianmeres/pubsub@3": "3.0.0",
    "jsr:@marianmeres/release@*": "2.0.0",
    "jsr:@marianmeres/searchable@^2.6.4": "2.8.0",
    "jsr:@marianmeres/semver@1": "1.0.0",
    "jsr:@marianmeres/steve@^2.0.2": "2.0.2",
    "jsr:@std/assert@^1.0.19": "1.0.19",
    "jsr:@std/cli@^1.0.29": "1.0.32",
    "jsr:@std/collections@^1.1.7": "1.3.0",
    "jsr:@std/fs@^1.0.23": "1.0.24",
    "jsr:@std/fs@^1.0.24": "1.0.24",
    "jsr:@std/internal@^1.0.12": "1.0.14",
    "jsr:@std/internal@^1.0.14": "1.0.14",
    "jsr:@std/path@^1.1.4": "1.1.6",
    "jsr:@std/path@^1.1.5": "1.1.6",
    "jsr:@std/path@^1.1.6": "1.1.6",
    "npm:@types/pg@^8.20.0": "8.23.1",
    "npm:@types/pg@^8.23.1": "8.23.1",
    "npm:ajv@^8.20.0": "8.20.0",
    "npm:pg@^8.23.0": "8.23.0"
  },
  "jsr": {
    "@marianmeres/batch@1.3.0": {
      "integrity": "081dea4627cc3a3fe4d20be75ca78bf571bc09db56027f07440e9ff1735d793e",
      "dependencies": [
        "jsr:@marianmeres/pubsub"
      ]
    },
    "@marianmeres/clog@3.21.0": {
      "integrity": "c97afb0de366d865db35b7d570d6d2ff517e6cd5dc8a2b2e130528afb7fdd526",
      "dependencies": [
        "jsr:@marianmeres/batch"
      ]
    },
    "@marianmeres/cron@2.0.1": {
      "integrity": "5d8c2963154ca72c0711c78eda2598a9120df2a52a77dd254f477551596de02b",
      "dependencies": [
        "jsr:@marianmeres/clog@^3.19.2",
        "jsr:@marianmeres/modelize",
        "jsr:@marianmeres/pubsub",
        "npm:@types/pg@^8.20.0"
      ]
    },
    "@marianmeres/data-to-sql-params@1.6.0": {
      "integrity": "eb66d702dea7f81639285187ec42bfbbccc55ddc73f125186668137734ec9b7d"
    },
    "@marianmeres/fsm@3.1.0": {
      "integrity": "572a279190c13963b88d2afc993eab52d075332b4fed8e6f1afbbb5e9259426e",
      "dependencies": [
        "jsr:@marianmeres/clog@^3.21.0",
        "jsr:@marianmeres/pubsub",
        "jsr:@std/cli"
      ]
    },
    "@marianmeres/item-collection@1.4.2": {
      "integrity": "578381a18a05401143fbe9625405bf5a32800ac9767afe689d8db437611af064",
      "dependencies": [
        "jsr:@marianmeres/pubsub",
        "jsr:@marianmeres/searchable"
      ]
    },
    "@marianmeres/migrate@1.3.1": {
      "integrity": "ba73c3a9e378569e03e8c1defe75662b26323ffdbd08d2d30d7d41ac7acb1238",
      "dependencies": [
        "jsr:@marianmeres/item-collection",
        "jsr:@marianmeres/semver"
      ]
    },
    "@marianmeres/modelize@2.2.2": {
      "integrity": "bd1b1133acd470ec8785e6ef8965e93cda04db5788a19c7aa0591784b60194ab",
      "dependencies": [
        "jsr:@marianmeres/pubsub",
        "npm:ajv"
      ]
    },
    "@marianmeres/npmbuild@1.16.0": {
      "integrity": "5631b65d284472d1325ecf829dce22e2df166fa3b754cd3f005c8eccd05ee8f0",
      "dependencies": [
        "jsr:@std/collections",
        "jsr:@std/fs@^1.0.23",
        "jsr:@std/path@^1.1.4"
      ]
    },
    "@marianmeres/parse-boolean@2.1.0": {
      "integrity": "c9abbfb4c8e7baf013d5b20a1bbfcdd8a488e29c6bd9ab92dce0e375ddffd23f"
    },
    "@marianmeres/pubsub@3.0.0": {
      "integrity": "9bc40e60362801663fb23e0c00a353abec7684840b6bea410facba09c083677b"
    },
    "@marianmeres/release@2.0.0": {
      "integrity": "a0358067f8500edaa795f22f6f962765a7f20edd6d8869c0793f11ee02fb47c0"
    },
    "@marianmeres/searchable@2.8.0": {
      "integrity": "2c29350b3a174f2e38695602b6f7fcc3df1f024b7a41afa98b814f7b6b91ac01"
    },
    "@marianmeres/semver@1.0.0": {
      "integrity": "478b19392a96a70c115e699a12dd6e98a22d2f9de62c454122291b56a94aefb6"
    },
    "@marianmeres/steve@2.0.2": {
      "integrity": "f617ec9f3191f0408a61d1a289e92a543f9bf1914073a17846134a2539e224c6",
      "dependencies": [
        "jsr:@marianmeres/clog@^3.21.0",
        "jsr:@marianmeres/data-to-sql-params",
        "jsr:@marianmeres/parse-boolean",
        "jsr:@marianmeres/pubsub",
        "npm:@types/pg@^8.20.0"
      ]
    },
    "@std/assert@1.0.19": {
      "integrity": "eaada96ee120cb980bc47e040f82814d786fe8162ecc53c91d8df60b8755991e",
      "dependencies": [
        "jsr:@std/internal@^1.0.12"
      ]
    },
    "@std/cli@1.0.32": {
      "integrity": "188b3a100d6202d64e3f5bd3d799c7fa4f6d77f92cc65eb7f641c1fa0aa92a66"
    },
    "@std/collections@1.3.0": {
      "integrity": "eb36b43d784477ea0b476483ac034a14bdd182aff921c812ecf662a1fcef9498"
    },
    "@std/fs@1.0.24": {
      "integrity": "f3061b45b81673a2bece689da041df32d174be064c89eb6397fb5718d3fb7877",
      "dependencies": [
        "jsr:@std/internal@^1.0.14",
        "jsr:@std/path@^1.1.5"
      ]
    },
    "@std/internal@1.0.14": {
      "integrity": "291516b3d4c35024d6ffbc0a9df5bf4c64116e05b50012cf846710152d2ffdf7"
    },
    "@std/path@1.1.6": {
      "integrity": "c68485c2a4dfbb5ae3cc74fae4e8c4e5d874cf8a8ed12927917235c758b46cbe",
      "dependencies": [
        "jsr:@std/internal@^1.0.14"
      ]
    }
  },
  "npm": {
    "@types/node@26.2.0": {
      "integrity": "sha512-5IviulTZeRNp2vAJ514cc/HUlY5nZ9fCbq9DMyC52BrhFZACo3nI0R7qBxhQmo/d27NFe96ur/b7Wwxklda+kg==",
      "dependencies": [
        "undici-types"
      ]
    },
    "@types/pg@8.23.1": {
      "integrity": "sha512-fKVHpikPdg4GKks3JuLEhvwSyvwzF23hnabPy6DD8ljVbC7+6J5dQzdv4arV6jqq57djnMgs1HKBxX4P8aBI3A==",
      "dependencies": [
        "@types/node",
        "pg-protocol",
        "pg-types"
      ]
    },
    "ajv@8.20.0": {
      "integrity": "sha512-Thbli+OlOj+iMPYFBVBfJ3OmCAnaSyNn4M1vz9T6Gka5Jt9ba/HIR56joy65tY6kx/FCF5VXNB819Y7/GUrBGA==",
      "dependencies": [
        "fast-deep-equal",
        "fast-uri",
        "json-schema-traverse",
        "require-from-string"
      ]
    },
    "fast-deep-equal@3.1.3": {
      "integrity": "sha512-f3qQ9oQy9j2AhBe/H9VC91wLmKBCCU/gDOnKNAYG5hswO7BLKj09Hc5HYNz9cGI++xlpDCIgDaitVs03ATR84Q=="
    },
    "fast-uri@3.1.5": {
      "integrity": "sha512-gHwA1O9LDIcKunMKhObS/HimwtehO1nPUECKAu5TpKgaO19fcWEl4bliWe1jWxVFvIXztJjjQ4L8XQ1EU9f7Jw=="
    },
    "json-schema-traverse@1.0.0": {
      "integrity": "sha512-NM8/P9n3XjXhIZn1lLhkFaACTOURQXjWhV4BA/RnOv8xvgqtqpAX9IO4mRQxSx1Rlo4tqzeqb0sOlruaOy3dug=="
    },
    "pg-cloudflare@1.4.0": {
      "integrity": "sha512-Vo7z/6rrQYxpNRylp4Tlob2elzbh+N/MOQbxFVWCxS7oEx6jF53GTJFxK2WWpKuBRkmiin4Mt+xofFDjx09R0A=="
    },
    "pg-connection-string@2.14.0": {
      "integrity": "sha512-XwWDGcLRGCXAR8F/AM5bG7Q+A3Wm2s6QeEjlOKZLlH3UYcguiqCWKyWXVag5TLTIjR7oOJUY8kcADaZgWPyLeg=="
    },
    "pg-int8@1.0.1": {
      "integrity": "sha512-WCtabS6t3c8SkpDBUlb1kjOs7l66xsGdKpIPZsg4wR+B3+u9UAum2odSsF9tnvxg80h4ZxLWMy4pRjOsFIqQpw=="
    },
    "pg-pool@3.14.0_pg@8.23.0": {
      "integrity": "sha512-gKtPkFdQPU3DksooVLi9LsjZxrsBUZIpa+7aVx+LV5pNh0KzP4Zleud2po+ConrxbuXGBJ6Hfer6hdgpIBpBaw==",
      "dependencies": [
        "pg"
      ]
    },
    "pg-protocol@1.16.0": {
      "integrity": "sha512-sILXutLVjCLjcDuOmvhX5e2Z4cS5qG/6Bu3VkpFwdf/633ElGLpEh9bgmuI5I4sqKqkifQiGyiCcx1HdtrK7tg=="
    },
    "pg-types@2.2.0": {
      "integrity": "sha512-qTAAlrEsl8s4OiEQY69wDvcMIdQN6wdz5ojQiOy6YRMuynxenON0O5oCpJI6lshc6scgAY8qvJ2On/p+CXY0GA==",
      "dependencies": [
        "pg-int8",
        "postgres-array",
        "postgres-bytea",
        "postgres-date",
        "postgres-interval"
      ]
    },
    "pg@8.23.0": {
      "integrity": "sha512-Ip2EQCngowJLGOfCwkFhPXU7/ljlhn6Rxlmy4XYfL2Y+vyRM59+8uR2xqRWKdYmbXmxCFOAmKxBuSUCdF34qLg==",
      "dependencies": [
        "pg-connection-string",
        "pg-pool",
        "pg-protocol",
        "pg-types",
        "pgpass"
      ],
      "optionalDependencies": [
        "pg-cloudflare"
      ]
    },
    "pgpass@1.0.5": {
      "integrity": "sha512-FdW9r/jQZhSeohs1Z3sI1yxFQNFvMcnmfuj4WBMUTxOrAyLMaTcE1aAMBiTlbMNaXvBCQuVi0R7hd8udDSP7ug==",
      "dependencies": [
        "split2"
      ]
    },
    "postgres-array@2.0.0": {
      "integrity": "sha512-VpZrUqU5A69eQyW2c5CA1jtLecCsN2U/bD6VilrFDWq5+5UIEVO7nazS3TEcHf1zuPYO/sqGvUvW62g86RXZuA=="
    },
    "postgres-bytea@1.0.1": {
      "integrity": "sha512-5+5HqXnsZPE65IJZSMkZtURARZelel2oXUEO8rH83VS/hxH5vv1uHquPg5wZs8yMAfdv971IU+kcPUczi7NVBQ=="
    },
    "postgres-date@1.0.7": {
      "integrity": "sha512-suDmjLVQg78nMK2UZ454hAG+OAW+HQPZ6n++TNDUX+L0+uUlLywnoxJKDou51Zm+zTCjrCl0Nq6J9C5hP9vK/Q=="
    },
    "postgres-interval@1.2.0": {
      "integrity": "sha512-9ZhXKM/rw350N1ovuWHbGxnGh/SNJ4cnxHiM0rxE4VN41wsg8P8zWn9hv/buK00RP4WvlOyr/RBDiptyxVbkZQ==",
      "dependencies": [
        "xtend"
      ]
    },
    "require-from-string@2.0.2": {
      "integrity": "sha512-Xf0nWe6RseziFMu+Ap9biiUbmplq6S9/p+7w7YXP/JBHhrUDDUhwa+vANyubuqfZWTveU//DYVGsDG7RKL/vEw=="
    },
    "split2@4.2.0": {
      "integrity": "sha512-UcjcJOWknrNkF6PLX83qcHM6KHgVKNkV62Y8a5uYDVv9ydGQVwAHMKqHdJje1VTWpljG0WYpCDhrCdAOYH4TWg=="
    },
    "undici-types@8.3.0": {
      "integrity": "sha512-j375ScV60dom+YkPFIfTLcOiPxkN/buHz5GobjLhixFuANaNs3C9l4GmrWqejgXWJ7BbJcFYpTEUkS1Ge8bpZQ=="
    },
    "xtend@4.0.2": {
      "integrity": "sha512-LKYU1iAXJXUgAXn9URjiu+MWhyUXHsvfp7mcuYm9dSUKK0/CjtrUwFAxD82/mCWbtLsGjFIad0wIsod4zrTAEQ=="
    }
  },
  "workspace": {
    "dependencies": [
      "jsr:@marianmeres/clog@^3.21.0",
      "jsr:@marianmeres/cron@^2.0.1",
      "jsr:@marianmeres/fsm@^3.1.0",
      "jsr:@marianmeres/migrate@^1.3.1",
      "jsr:@marianmeres/npmbuild@^1.16.0",
      "jsr:@marianmeres/steve@^2.0.2",
      "jsr:@std/assert@^1.0.19",
      "jsr:@std/fs@^1.0.24",
      "jsr:@std/path@^1.1.6",
      "npm:@types/pg@^8.23.1",
      "npm:pg@^8.23.0"
    ]
  }
}
